
Microsoft Visual Studio Solution File, Format Version 12.00
# Visual Studio Version 17
VisualStudioVersion = 17.8.34316.72
MinimumVisualStudioVersion = 10.0.40219.1
Project("{FAE04EC0-301F-11D3-BF4B-00C04F79EFBC}") = "es lab 12", "es lab 12.csproj", "{42B782B2-AE49-419E-9B56-3FFC7A707777}"
EndProject
Global
	GlobalSection(SolutionConfigurationPlatforms) = preSolution
		Debug|Any CPU = Debug|Any CPU
		Release|Any CPU = Release|Any CPU
	EndGlobalSection
	GlobalSection(ProjectConfigurationPlatforms) = postSolution
		{42B782B2-AE49-419E-9B56-3FFC7A707777}.Debug|Any CPU.ActiveCfg = Debug|Any CPU
		{42B782B2-AE49-419E-9B56-3FFC7A707777}.Debug|Any CPU.Build.0 = Debug|Any CPU
		{42B782B2-AE49-419E-9B56-3FFC7A707777}.Release|Any CPU.ActiveCfg = Release|Any CPU
		{42B782B2-AE49-419E-9B56-3FFC7A707777}.Release|Any CPU.Build.0 = Release|Any CPU
	EndGlobalSection
	GlobalSection(SolutionProperties) = preSolution
		HideSolutionNode = FALSE
	EndGlobalSection
	GlobalSection(ExtensibilityGlobals) = postSolution
		SolutionGuid = {2EE53F3B-BD4C-4C23-9102-EEA106986DE9}
	EndGlobalSection
EndGlobal
